// !$*UTF8*$!
{
	archiveVersion = 1;
	classes = {
	};
	objectVersion = 56;
	objects = {

/* Begin PBXBuildFile section */
		36BA9EA229B9DF0E00D7B52B /* QuoteCell.swift in Sources */ = {isa = PBXBuildFile; fileRef = 36BA9EA129B9DF0E00D7B52B /* QuoteCell.swift */; };
		36BA9EA429B9DF6200D7B52B /* QuoteInfo.swift in Sources */ = {isa = PBXBuildFile; fileRef = 36BA9EA329B9DF6200D7B52B /* QuoteInfo.swift */; };
		36BA9EA629B9FB9F00D7B52B /* WebSocketManager.swift in Sources */ = {isa = PBXBuildFile; fileRef = 36BA9EA529B9FB9F00D7B52B /* WebSocketManager.swift */; };
		36BA9EA829B9FC9600D7B52B /* QuotesViewModel.swift in Sources */ = {isa = PBXBuildFile; fileRef = 36BA9EA729B9FC9600D7B52B /* QuotesViewModel.swift */; };
		36E7A20029B2300B00106967 /* AppDelegate.swift in Sources */ = {isa = PBXBuildFile; fileRef = 36E7A1FF29B2300B00106967 /* AppDelegate.swift */; };
		36E7A20229B2300B00106967 /* SceneDelegate.swift in Sources */ = {isa = PBXBuildFile; fileRef = 36E7A20129B2300B00106967 /* SceneDelegate.swift */; };
		36E7A20429B2300B00106967 /* ViewController.swift in Sources */ = {isa = PBXBuildFile; fileRef = 36E7A20329B2300B00106967 /* ViewController.swift */; };
		36E7A20929B2300C00106967 /* Assets.xcassets in Resources */ = {isa = PBXBuildFile; fileRef = 36E7A20829B2300C00106967 /* Assets.xcassets */; };
		36E7A20C29B2300C00106967 /* LaunchScreen.storyboard in Resources */ = {isa = PBXBuildFile; fileRef = 36E7A20A29B2300C00106967 /* LaunchScreen.storyboard */; };
		36E7A21729B2300C00106967 /* TradeQuotesTests.swift in Sources */ = {isa = PBXBuildFile; fileRef = 36E7A21629B2300C00106967 /* TradeQuotesTests.swift */; };
		36E7A22129B2300C00106967 /* TradeQuotesUITests.swift in Sources */ = {isa = PBXBuildFile; fileRef = 36E7A22029B2300C00106967 /* TradeQuotesUITests.swift */; };
		36E7A22329B2300C00106967 /* TradeQuotesUITestsLaunchTests.swift in Sources */ = {isa = PBXBuildFile; fileRef = 36E7A22229B2300C00106967 /* TradeQuotesUITestsLaunchTests.swift */; };
/* End PBXBuildFile section */

/* Begin PBXContainerItemProxy section */
		36E7A21329B2300C00106967 /* PBXContainerItemProxy */ = {
			isa = PBXContainerItemProxy;
			containerPortal = 36E7A1F429B2300B00106967 /* Project object */;
			proxyType = 1;
			remoteGlobalIDString = 36E7A1FB29B2300B00106967;
			remoteInfo = TradeQuotes;
		};
		36E7A21D29B2300C00106967 /* PBXContainerItemProxy */ = {
			isa = PBXContainerItemProxy;
			containerPortal = 36E7A1F429B2300B00106967 /* Project object */;
			proxyType = 1;
			remoteGlobalIDString = 36E7A1FB29B2300B00106967;
			remoteInfo = TradeQuotes;
		};
/* End PBXContainerItemProxy section */

/* Begin PBXFileReference section */
		36BA9EA129B9DF0E00D7B52B /* QuoteCell.swift */ = {isa = PBXFileReference; lastKnownFileType = sourcecode.swift; path = QuoteCell.swift; sourceTree = "<group>"; };
		36BA9EA329B9DF6200D7B52B /* QuoteInfo.swift */ = {isa = PBXFileReference; lastKnownFileType = sourcecode.swift; path = QuoteInfo.swift; sourceTree = "<group>"; };
		36BA9EA529B9FB9F00D7B52B /* WebSocketManager.swift */ = {isa = PBXFileReference; lastKnownFileType = sourcecode.swift; path = WebSocketManager.swift; sourceTree = "<group>"; };
		36BA9EA729B9FC9600D7B52B /* QuotesViewModel.swift */ = {isa = PBXFileReference; lastKnownFileType = sourcecode.swift; path = QuotesViewModel.swift; sourceTree = "<group>"; };
		36E7A1FC29B2300B00106967 /* TradeQuotes.app */ = {isa = PBXFileReference; explicitFileType = wrapper.application; includeInIndex = 0; path = TradeQuotes.app; sourceTree = BUILT_PRODUCTS_DIR; };
		36E7A1FF29B2300B00106967 /* AppDelegate.swift */ = {isa = PBXFileReference; lastKnownFileType = sourcecode.swift; path = AppDelegate.swift; sourceTree = "<group>"; };
		36E7A20129B2300B00106967 /* SceneDelegate.swift */ = {isa = PBXFileReference; lastKnownFileType = sourcecode.swift; path = SceneDelegate.swift; sourceTree = "<group>"; };
		36E7A20329B2300B00106967 /* ViewController.swift */ = {isa = PBXFileReference; lastKnownFileType = sourcecode.swift; path = ViewController.swift; sourceTree = "<group>"; };
		36E7A20829B2300C00106967 /* Assets.xcassets */ = {isa = PBXFileReference; lastKnownFileType = folder.assetcatalog; path = Assets.xcassets; sourceTree = "<group>"; };
		36E7A20B29B2300C00106967 /* Base */ = {isa = PBXFileReference; lastKnownFileType = file.storyboard; name = Base; path = Base.lproj/LaunchScreen.storyboard; sourceTree = "<group>"; };
		36E7A20D29B2300C00106967 /* Info.plist */ = {isa = PBXFileReference; lastKnownFileType = text.plist.xml; path = Info.plist; sourceTree = "<group>"; };
		36E7A21229B2300C00106967 /* TradeQuotesTests.xctest */ = {isa = PBXFileReference; explicitFileType = wrapper.cfbundle; includeInIndex = 0; path = TradeQuotesTests.xctest; sourceTree = BUILT_PRODUCTS_DIR; };
		36E7A21629B2300C00106967 /* TradeQuotesTests.swift */ = {isa = PBXFileReference; lastKnownFileType = sourcecode.swift; path = TradeQuotesTests.swift; sourceTree = "<group>"; };
		36E7A21C29B2300C00106967 /* TradeQuotesUITests.xctest */ = {isa = PBXFileReference; explicitFileType = wrapper.cfbundle; includeInIndex = 0; path = TradeQuotesUITests.xctest; sourceTree = BUILT_PRODUCTS_DIR; };
		36E7A22029B2300C00106967 /* TradeQuotesUITests.swift */ = {isa = PBXFileReference; lastKnownFileType = sourcecode.swift; path = TradeQuotesUITests.swift; sourceTree = "<group>"; };
		36E7A22229B2300C00106967 /* TradeQuotesUITestsLaunchTests.swift */ = {isa = PBXFileReference; lastKnownFileType = sourcecode.swift; path = TradeQuotesUITestsLaunchTests.swift; sourceTree = "<group>"; };
/* End PBXFileReference section */

/* Begin PBXFrameworksBuildPhase section */
		36E7A1F929B2300B00106967 /* Frameworks */ = {
			isa = PBXFrameworksBuildPhase;
			buildActionMask = 2147483647;
			files = (
			);
			runOnlyForDeploymentPostprocessing = 0;
		};
		36E7A20F29B2300C00106967 /* Frameworks */ = {
			isa = PBXFrameworksBuildPhase;
			buildActionMask = 2147483647;
			files = (
			);
			runOnlyForDeploymentPostprocessing = 0;
		};
		36E7A21929B2300C00106967 /* Frameworks */ = {
			isa = PBXFrameworksBuildPhase;
			buildActionMask = 2147483647;
			files = (
			);
			runOnlyForDeploymentPostprocessing = 0;
		};
/* End PBXFrameworksBuildPhase section */

/* Begin PBXGroup section */
		36E7A1F329B2300B00106967 = {
			isa = PBXGroup;
			children = (
				36E7A1FE29B2300B00106967 /* TradeQuotes */,
				36E7A21529B2300C00106967 /* TradeQuotesTests */,
				36E7A21F29B2300C00106967 /* TradeQuotesUITests */,
				36E7A1FD29B2300B00106967 /* Products */,
			);
			sourceTree = "<group>";
		};
		36E7A1FD29B2300B00106967 /* Products */ = {
			isa = PBXGroup;
			children = (
				36E7A1FC29B2300B00106967 /* TradeQuotes.app */,
				36E7A21229B2300C00106967 /* TradeQuotesTests.xctest */,
				36E7A21C29B2300C00106967 /* TradeQuotesUITests.xctest */,
			);
			name = Products;
			sourceTree = "<group>";
		};
		36E7A1FE29B2300B00106967 /* TradeQuotes */ = {
			isa = PBXGroup;
			children = (
				36E7A1FF29B2300B00106967 /* AppDelegate.swift */,
				36E7A20129B2300B00106967 /* SceneDelegate.swift */,
				36E7A20329B2300B00106967 /* ViewController.swift */,
				36E7A20829B2300C00106967 /* Assets.xcassets */,
				36E7A20A29B2300C00106967 /* LaunchScreen.storyboard */,
				36E7A20D29B2300C00106967 /* Info.plist */,
				36BA9EA129B9DF0E00D7B52B /* QuoteCell.swift */,
				36BA9EA329B9DF6200D7B52B /* QuoteInfo.swift */,
				36BA9EA529B9FB9F00D7B52B /* WebSocketManager.swift */,
				36BA9EA729B9FC9600D7B52B /* QuotesViewModel.swift */,
			);
			path = TradeQuotes;
			sourceTree = "<group>";
		};
		36E7A21529B2300C00106967 /* TradeQuotesTests */ = {
			isa = PBXGroup;
			children = (
				36E7A21629B2300C00106967 /* TradeQuotesTests.swift */,
			);
			path = TradeQuotesTests;
			sourceTree = "<group>";
		};
		36E7A21F29B2300C00106967 /* TradeQuotesUITests */ = {
			isa = PBXGroup;
			children = (
				36E7A22029B2300C00106967 /* TradeQuotesUITests.swift */,
				36E7A22229B2300C00106967 /* TradeQuotesUITestsLaunchTests.swift */,
			);
			path = TradeQuotesUITests;
			sourceTree = "<group>";
		};
/* End PBXGroup section */

/* Begin PBXNativeTarget section */
		36E7A1FB29B2300B00106967 /* TradeQuotes */ = {
			isa = PBXNativeTarget;
			buildConfigurationList = 36E7A22629B2300C00106967 /* Build configuration list for PBXNativeTarget "TradeQuotes" */;
			buildPhases = (
				36E7A1F829B2300B00106967 /* Sources */,
				36E7A1F929B2300B00106967 /* Frameworks */,
				36E7A1FA29B2300B00106967 /* Resources */,
			);
			buildRules = (
			);
			dependencies = (
			);
			name = TradeQuotes;
			productName = TradeQuotes;
			productReference = 36E7A1FC29B2300B00106967 /* TradeQuotes.app */;
			productType = "com.apple.product-type.application";
		};
		36E7A21129B2300C00106967 /* TradeQuotesTests */ = {
			isa = PBXNativeTarget;
			buildConfigurationList = 36E7A22929B2300C00106967 /* Build configuration list for PBXNativeTarget "TradeQuotesTests" */;
			buildPhases = (
				36E7A20E29B2300C00106967 /* Sources */,
				36E7A20F29B2300C00106967 /* Frameworks */,
				36E7A21029B2300C00106967 /* Resources */,
			);
			buildRules = (
			);
			dependencies = (
				36E7A21429B2300C00106967 /* PBXTargetDependency */,
			);
			name = TradeQuotesTests;
			productName = TradeQuotesTests;
			productReference = 36E7A21229B2300C00106967 /* TradeQuotesTests.xctest */;
			productType = "com.apple.product-type.bundle.unit-test";
		};
		36E7A21B29B2300C00106967 /* TradeQuotesUITests */ = {
			isa = PBXNativeTarget;
			buildConfigurationList = 36E7A22C29B2300C00106967 /* Build configuration list for PBXNativeTarget "TradeQuotesUITests" */;
			buildPhases = (
				36E7A21829B2300C00106967 /* Sources */,
				36E7A21929B2300C00106967 /* Frameworks */,
				36E7A21A29B2300C00106967 /* Resources */,
			);
			buildRules = (
			);
			dependencies = (
				36E7A21E29B2300C00106967 /* PBXTargetDependency */,
			);
			name = TradeQuotesUITests;
			productName = TradeQuotesUITests;
			productReference = 36E7A21C29B2300C00106967 /* TradeQuotesUITests.xctest */;
			productType = "com.apple.product-type.bundle.ui-testing";
		};
/* End PBXNativeTarget section */

/* Begin PBXProject section */
		36E7A1F429B2300B00106967 /* Project object */ = {
			isa = PBXProject;
			attributes = {
				BuildIndependentTargetsInParallel = 1;
				LastSwiftUpdateCheck = 1420;
				LastUpgradeCheck = 1420;
				TargetAttributes = {
					36E7A1FB29B2300B00106967 = {
						CreatedOnToolsVersion = 14.2;
					};
					36E7A21129B2300C00106967 = {
						CreatedOnToolsVersion = 14.2;
						TestTargetID = 36E7A1FB29B2300B00106967;
					};
					36E7A21B29B2300C00106967 = {
						CreatedOnToolsVersion = 14.2;
						TestTargetID = 36E7A1FB29B2300B00106967;
					};
				};
			};
			buildConfigurationList = 36E7A1F729B2300B00106967 /* Build configuration list for PBXProject "TradeQuotes" */;
			compatibilityVersion = "Xcode 14.0";
			developmentRegion = en;
			hasScannedForEncodings = 0;
			knownRegions = (
				en,
				Base,
			);
			mainGroup = 36E7A1F329B2300B00106967;
			productRefGroup = 36E7A1FD29B2300B00106967 /* Products */;
			projectDirPath = "";
			projectRoot = "";
			targets = (
				36E7A1FB29B2300B00106967 /* TradeQuotes */,
				36E7A21129B2300C00106967 /* TradeQuotesTests */,
				36E7A21B29B2300C00106967 /* TradeQuotesUITests */,
			);
		};
/* End PBXProject section */

/* Begin PBXResourcesBuildPhase section */
		36E7A1FA29B2300B00106967 /* Resources */ = {
			isa = PBXResourcesBuildPhase;
			buildActionMask = 2147483647;
			files = (
				36E7A20C29B2300C00106967 /* LaunchScreen.storyboard in Resources */,
				36E7A20929B2300C00106967 /* Assets.xcassets in Resources */,
			);
			runOnlyForDeploymentPostprocessing = 0;
		};
		36E7A21029B2300C00106967 /* Resources */ = {
			isa = PBXResourcesBuildPhase;
			buildActionMask = 2147483647;
			files = (
			);
			runOnlyForDeploymentPostprocessing = 0;
		};
		36E7A21A29B2300C00106967 /* Resources */ = {
			isa = PBXResourcesBuildPhase;
			buildActionMask = 2147483647;
			files = (
			);
			runOnlyForDeploymentPostprocessing = 0;
		};
/* End PBXResourcesBuildPhase section */

/* Begin PBXSourcesBuildPhase section */
		36E7A1F829B2300B00106967 /* Sources */ = {
			isa = PBXSourcesBuildPhase;
			buildActionMask = 2147483647;
			files = (
				36BA9EA229B9DF0E00D7B52B /* QuoteCell.swift in Sources */,
				36E7A20429B2300B00106967 /* ViewController.swift in Sources */,
				36BA9EA429B9DF6200D7B52B /* QuoteInfo.swift in Sources */,
				36E7A20029B2300B00106967 /* AppDelegate.swift in Sources */,
				36E7A20229B2300B00106967 /* SceneDelegate.swift in Sources */,
				36BA9EA629B9FB9F00D7B52B /* WebSocketManager.swift in Sources */,
				36BA9EA829B9FC9600D7B52B /* QuotesViewModel.swift in Sources */,
			);
			runOnlyForDeploymentPostprocessing = 0;
		};
		36E7A20E29B2300C00106967 /* Sources */ = {
			isa = PBXSourcesBuildPhase;
			buildActionMask = 2147483647;
			files = (
				36E7A21729B2300C00106967 /* TradeQuotesTests.swift in Sources */,
			);
			runOnlyForDeploymentPostprocessing = 0;
		};
		36E7A21829B2300C00106967 /* Sources */ = {
			isa = PBXSourcesBuildPhase;
			buildActionMask = 2147483647;
			files = (
				36E7A22329B2300C00106967 /* TradeQuotesUITestsLaunchTests.swift in Sources */,
				36E7A22129B2300C00106967 /* TradeQuotesUITests.swift in Sources */,
			);
			runOnlyForDeploymentPostprocessing = 0;
		};
/* End PBXSourcesBuildPhase section */

/* Begin PBXTargetDependency section */
		36E7A21429B2300C00106967 /* PBXTargetDependency */ = {
			isa = PBXTargetDependency;
			target = 36E7A1FB29B2300B00106967 /* TradeQuotes */;
			targetProxy = 36E7A21329B2300C00106967 /* PBXContainerItemProxy */;
		};
		36E7A21E29B2300C00106967 /* PBXTargetDependency */ = {
			isa = PBXTargetDependency;
			target = 36E7A1FB29B2300B00106967 /* TradeQuotes */;
			targetProxy = 36E7A21D29B2300C00106967 /* PBXContainerItemProxy */;
		};
/* End PBXTargetDependency section */

/* Begin PBXVariantGroup section */
		36E7A20A29B2300C00106967 /* LaunchScreen.storyboard */ = {
			isa = PBXVariantGroup;
			children = (
				36E7A20B29B2300C00106967 /* Base */,
			);
			name = LaunchScreen.storyboard;
			sourceTree = "<group>";
		};
/* End PBXVariantGroup section */

/* Begin XCBuildConfiguration section */
		36E7A22429B2300C00106967 /* Debug */ = {
			isa = XCBuildConfiguration;
			buildSettings = {
				ALWAYS_SEARCH_USER_PATHS = NO;
				CLANG_ANALYZER_NONNULL = YES;
				CLANG_ANALYZER_NUMBER_OBJECT_CONVERSION = YES_AGGRESSIVE;
				CLANG_CXX_LANGUAGE_STANDARD = "gnu++20";
				CLANG_ENABLE_MODULES = YES;
				CLANG_ENABLE_OBJC_ARC = YES;
				CLANG_ENABLE_OBJC_WEAK = YES;
				CLANG_WARN_BLOCK_CAPTURE_AUTORELEASING = YES;
				CLANG_WARN_BOOL_CONVERSION = YES;
				CLANG_WARN_COMMA = YES;
				CLANG_WARN_CONSTANT_CONVERSION = YES;
				CLANG_WARN_DEPRECATED_OBJC_IMPLEMENTATIONS = YES;
				CLANG_WARN_DIRECT_OBJC_ISA_USAGE = YES_ERROR;
				CLANG_WARN_DOCUMENTATION_COMMENTS = YES;
				CLANG_WARN_EMPTY_BODY = YES;
				CLANG_WARN_ENUM_CONVERSION = YES;
				CLANG_WARN_INFINITE_RECURSION = YES;
				CLANG_WARN_INT_CONVERSION = YES;
				CLANG_WARN_NON_LITERAL_NULL_CONVERSION = YES;
				CLANG_WARN_OBJC_IMPLICIT_RETAIN_SELF = YES;
				CLANG_WARN_OBJC_LITERAL_CONVERSION = YES;
				CLANG_WARN_OBJC_ROOT_CLASS = YES_ERROR;
				CLANG_WARN_QUOTED_INCLUDE_IN_FRAMEWORK_HEADER = YES;
				CLANG_WARN_RANGE_LOOP_ANALYSIS = YES;
				CLANG_WARN_STRICT_PROTOTYPES = YES;
				CLANG_WARN_SUSPICIOUS_MOVE = YES;
				CLANG_WARN_UNGUARDED_AVAILABILITY = YES_AGGRESSIVE;
				CLANG_WARN_UNREACHABLE_CODE = YES;
				CLANG_WARN__DUPLICATE_METHOD_MATCH = YES;
				COPY_PHASE_STRIP = NO;
				DEBUG_INFORMATION_FORMAT = dwarf;
				ENABLE_STRICT_OBJC_MSGSEND = YES;
				ENABLE_TESTABILITY = YES;
				GCC_C_LANGUAGE_STANDARD = gnu11;
				GCC_DYNAMIC_NO_PIC = NO;
				GCC_NO_COMMON_BLOCKS = YES;
				GCC_OPTIMIZATION_LEVEL = 0;
				GCC_PREPROCESSOR_DEFINITIONS = (
					"DEBUG=1",
					"$(inherited)",
				);
				GCC_WARN_64_TO_32_BIT_CONVERSION = YES;
				GCC_WARN_ABOUT_RETURN_TYPE = YES_ERROR;
				GCC_WARN_UNDECLARED_SELECTOR = YES;
				GCC_WARN_UNINITIALIZED_AUTOS = YES_AGGRESSIVE;
				GCC_WARN_UNUSED_FUNCTION = YES;
				GCC_WARN_UNUSED_VARIABLE = YES;
				IPHONEOS_DEPLOYMENT_TARGET = 16.2;
				MTL_ENABLE_DEBUG_INFO = INCLUDE_SOURCE;
				MTL_FAST_MATH = YES;
				ONLY_ACTIVE_ARCH = YES;
				SDKROOT = iphoneos;
				SWIFT_ACTIVE_COMPILATION_CONDITIONS = DEBUG;
				SWIFT_OPTIMIZATION_LEVEL = "-Onone";
			};
			name = Debug;
		};
		36E7A22529B2300C00106967 /* Release */ = {
			isa = XCBuildConfiguration;
			buildSettings = {
				ALWAYS_SEARCH_USER_PATHS = NO;
				CLANG_ANALYZER_NONNULL = YES;
				CLANG_ANALYZER_NUMBER_OBJECT_CONVERSION = YES_AGGRESSIVE;
				CLANG_CXX_LANGUAGE_STANDARD = "gnu++20";
				CLANG_ENABLE_MODULES = YES;
				CLANG_ENABLE_OBJC_ARC = YES;
				CLANG_ENABLE_OBJC_WEAK = YES;
				CLANG_WARN_BLOCK_CAPTURE_AUTORELEASING = YES;
				CLANG_WARN_BOOL_CONVERSION = YES;
				CLANG_WARN_COMMA = YES;
				CLANG_WARN_CONSTANT_CONVERSION = YES;
				CLANG_WARN_DEPRECATED_OBJC_IMPLEMENTATIONS = YES;
				CLANG_WARN_DIRECT_OBJC_ISA_USAGE = YES_ERROR;
				CLANG_WARN_DOCUMENTATION_COMMENTS = YES;
				CLANG_WARN_EMPTY_BODY = YES;
				CLANG_WARN_ENUM_CONVERSION = YES;
				CLANG_WARN_INFINITE_RECURSION = YES;
				CLANG_WARN_INT_CONVERSION = YES;
				CLANG_WARN_NON_LITERAL_NULL_CONVERSION = YES;
				CLANG_WARN_OBJC_IMPLICIT_RETAIN_SELF = YES;
				CLANG_WARN_OBJC_LITERAL_CONVERSION = YES;
				CLANG_WARN_OBJC_ROOT_CLASS = YES_ERROR;
				CLANG_WARN_QUOTED_INCLUDE_IN_FRAMEWORK_HEADER = YES;
				CLANG_WARN_RANGE_LOOP_ANALYSIS = YES;
				CLANG_WARN_STRICT_PROTOTYPES = YES;
				CLANG_WARN_SUSPICIOUS_MOVE = YES;
				CLANG_WARN_UNGUARDED_AVAILABILITY = YES_AGGRESSIVE;
				CLANG_WARN_UNREACHABLE_CODE = YES;
				CLANG_WARN__DUPLICATE_METHOD_MATCH = YES;
				COPY_PHASE_STRIP = NO;
				DEBUG_INFORMATION_FORMAT = "dwarf-with-dsym";
				ENABLE_NS_ASSERTIONS = NO;
				ENABLE_STRICT_OBJC_MSGSEND = YES;
				GCC_C_LANGUAGE_STANDARD = gnu11;
				GCC_NO_COMMON_BLOCKS = YES;
				GCC_WARN_64_TO_32_BIT_CONVERSION = YES;
				GCC_WARN_ABOUT_RETURN_TYPE = YES_ERROR;
				GCC_WARN_UNDECLARED_SELECTOR = YES;
				GCC_WARN_UNINITIALIZED_AUTOS = YES_AGGRESSIVE;
				GCC_WARN_UNUSED_FUNCTION = YES;
				GCC_WARN_UNUSED_VARIABLE = YES;
				IPHONEOS_DEPLOYMENT_TARGET = 16.2;
				MTL_ENABLE_DEBUG_INFO = NO;
				MTL_FAST_MATH = YES;
				SDKROOT = iphoneos;
				SWIFT_COMPILATION_MODE = wholemodule;
				SWIFT_OPTIMIZATION_LEVEL = "-O";
				VALIDATE_PRODUCT = YES;
			};
			name = Release;
		};
		36E7A22729B2300C00106967 /* Debug */ = {
			isa = XCBuildConfiguration;
			buildSettings = {
				ASSETCATALOG_COMPILER_APPICON_NAME = AppIcon;
				ASSETCATALOG_COMPILER_GLOBAL_ACCENT_COLOR_NAME = AccentColor;
				CODE_SIGN_STYLE = Automatic;
				CURRENT_PROJECT_VERSION = 1;
				GENERATE_INFOPLIST_FILE = YES;
				INFOPLIST_FILE = TradeQuotes/Info.plist;
				INFOPLIST_KEY_UIApplicationSupportsIndirectInputEvents = YES;
				INFOPLIST_KEY_UILaunchStoryboardName = LaunchScreen;
				INFOPLIST_KEY_UISupportedInterfaceOrientations_iPad = "UIInterfaceOrientationPortrait UIInterfaceOrientationPortraitUpsideDown UIInterfaceOrientationLandscapeLeft UIInterfaceOrientationLandscapeRight";
				INFOPLIST_KEY_UISupportedInterfaceOrientations_iPhone = "UIInterfaceOrientationPortrait UIInterfaceOrientationLandscapeLeft UIInterfaceOrientationLandscapeRight";
				IPHONEOS_DEPLOYMENT_TARGET = 16.0;
				LD_RUNPATH_SEARCH_PATHS = (
					"$(inherited)",
					"@executable_path/Frameworks",
				);
				MARKETING_VERSION = 1.0;
				PRODUCT_BUNDLE_IDENTIFIER = test.TradeQuotes;
				PRODUCT_NAME = "$(TARGET_NAME)";
				SUPPORTED_PLATFORMS = "iphoneos iphonesimulator";
				SUPPORTS_MACCATALYST = NO;
				SUPPORTS_MAC_DESIGNED_FOR_IPHONE_IPAD = NO;
				SWIFT_EMIT_LOC_STRINGS = YES;
				SWIFT_VERSION = 5.0;
				TARGETED_DEVICE_FAMILY = 1;
			};
			name = Debug;
		};
		36E7A22829B2300C00106967 /* Release */ = {
			isa = XCBuildConfiguration;
			buildSettings = {
				ASSETCATALOG_COMPILER_APPICON_NAME = AppIcon;
				ASSETCATALOG_COMPILER_GLOBAL_ACCENT_COLOR_NAME = AccentColor;
				CODE_SIGN_STYLE = Automatic;
				CURRENT_PROJECT_VERSION = 1;
				GENERATE_INFOPLIST_FILE = YES;
				INFOPLIST_FILE = TradeQuotes/Info.plist;
				INFOPLIST_KEY_UIApplicationSupportsIndirectInputEvents = YES;
				INFOPLIST_KEY_UILaunchStoryboardName = LaunchScreen;
				INFOPLIST_KEY_UISupportedInterfaceOrientations_iPad = "UIInterfaceOrientationPortrait UIInterfaceOrientationPortraitUpsideDown UIInterfaceOrientationLandscapeLeft UIInterfaceOrientationLandscapeRight";
				INFOPLIST_KEY_UISupportedInterfaceOrientations_iPhone = "UIInterfaceOrientationPortrait UIInterfaceOrientationLandscapeLeft UIInterfaceOrientationLandscapeRight";
				IPHONEOS_DEPLOYMENT_TARGET = 16.0;
				LD_RUNPATH_SEARCH_PATHS = (
					"$(inherited)",
					"@executable_path/Frameworks",
				);
				MARKETING_VERSION = 1.0;
				PRODUCT_BUNDLE_IDENTIFIER = test.TradeQuotes;
				PRODUCT_NAME = "$(TARGET_NAME)";
				SUPPORTED_PLATFORMS = "iphoneos iphonesimulator";
				SUPPORTS_MACCATALYST = NO;
				SUPPORTS_MAC_DESIGNED_FOR_IPHONE_IPAD = NO;
				SWIFT_EMIT_LOC_STRINGS = YES;
				SWIFT_VERSION = 5.0;
				TARGETED_DEVICE_FAMILY = 1;
			};
			name = Release;
		};
		36E7A22A29B2300C00106967 /* Debug */ = {
			isa = XCBuildConfiguration;
			buildSettings = {
				ALWAYS_EMBED_SWIFT_STANDARD_LIBRARIES = YES;
				BUNDLE_LOADER = "$(TEST_HOST)";
				CODE_SIGN_STYLE = Automatic;
				CURRENT_PROJECT_VERSION = 1;
				GENERATE_INFOPLIST_FILE = YES;
				IPHONEOS_DEPLOYMENT_TARGET = 16.2;
				MARKETING_VERSION = 1.0;
				PRODUCT_BUNDLE_IDENTIFIER = test.TradeQuotesTests;
				PRODUCT_NAME = "$(TARGET_NAME)";
				SWIFT_EMIT_LOC_STRINGS = NO;
				SWIFT_VERSION = 5.0;
				TARGETED_DEVICE_FAMILY = "1,2";
				TEST_HOST = "$(BUILT_PRODUCTS_DIR)/TradeQuotes.app/$(BUNDLE_EXECUTABLE_FOLDER_PATH)/TradeQuotes";
			};
			name = Debug;
		};
		36E7A22B29B2300C00106967 /* Release */ = {
			isa = XCBuildConfiguration;
			buildSettings = {
				ALWAYS_EMBED_SWIFT_STANDARD_LIBRARIES = YES;
				BUNDLE_LOADER = "$(TEST_HOST)";
				CODE_SIGN_STYLE = Automatic;
				CURRENT_PROJECT_VERSION = 1;
				GENERATE_INFOPLIST_FILE = YES;
				IPHONEOS_DEPLOYMENT_TARGET = 16.2;
				MARKETING_VERSION = 1.0;
				PRODUCT_BUNDLE_IDENTIFIER = test.TradeQuotesTests;
				PRODUCT_NAME = "$(TARGET_NAME)";
				SWIFT_EMIT_LOC_STRINGS = NO;
				SWIFT_VERSION = 5.0;
				TARGETED_DEVICE_FAMILY = "1,2";
				TEST_HOST = "$(BUILT_PRODUCTS_DIR)/TradeQuotes.app/$(BUNDLE_EXECUTABLE_FOLDER_PATH)/TradeQuotes";
			};
			name = Release;
		};
		36E7A22D29B2300C00106967 /* Debug */ = {
			isa = XCBuildConfiguration;
			buildSettings = {
				ALWAYS_EMBED_SWIFT_STANDARD_LIBRARIES = YES;
				CODE_SIGN_STYLE = Automatic;
				CURRENT_PROJECT_VERSION = 1;
				GENERATE_INFOPLIST_FILE = YES;
				MARKETING_VERSION = 1.0;
				PRODUCT_BUNDLE_IDENTIFIER = test.TradeQuotesUITests;
				PRODUCT_NAME = "$(TARGET_NAME)";
				SWIFT_EMIT_LOC_STRINGS = NO;
				SWIFT_VERSION = 5.0;
				TARGETED_DEVICE_FAMILY = "1,2";
				TEST_TARGET_NAME = TradeQuotes;
			};
			name = Debug;
		};
		36E7A22E29B2300C00106967 /* Release */ = {
			isa = XCBuildConfiguration;
			buildSettings = {
				ALWAYS_EMBED_SWIFT_STANDARD_LIBRARIES = YES;
				CODE_SIGN_STYLE = Automatic;
				CURRENT_PROJECT_VERSION = 1;
				GENERATE_INFOPLIST_FILE = YES;
				MARKETING_VERSION = 1.0;
				PRODUCT_BUNDLE_IDENTIFIER = test.TradeQuotesUITests;
				PRODUCT_NAME = "$(TARGET_NAME)";
				SWIFT_EMIT_LOC_STRINGS = NO;
				SWIFT_VERSION = 5.0;
				TARGETED_DEVICE_FAMILY = "1,2";
				TEST_TARGET_NAME = TradeQuotes;
			};
			name = Release;
		};
/* End XCBuildConfiguration section */

/* Begin XCConfigurationList section */
		36E7A1F729B2300B00106967 /* Build configuration list for PBXProject "TradeQuotes" */ = {
			isa = XCConfigurationList;
			buildConfigurations = (
				36E7A22429B2300C00106967 /* Debug */,
				36E7A22529B2300C00106967 /* Release */,
			);
			defaultConfigurationIsVisible = 0;
			defaultConfigurationName = Release;
		};
		36E7A22629B2300C00106967 /* Build configuration list for PBXNativeTarget "TradeQuotes" */ = {
			isa = XCConfigurationList;
			buildConfigurations = (
				36E7A22729B2300C00106967 /* Debug */,
				36E7A22829B2300C00106967 /* Release */,
			);
			defaultConfigurationIsVisible = 0;
			defaultConfigurationName = Release;
		};
		36E7A22929B2300C00106967 /* Build configuration list for PBXNativeTarget "TradeQuotesTests" */ = {
			isa = XCConfigurationList;
			buildConfigurations = (
				36E7A22A29B2300C00106967 /* Debug */,
				36E7A22B29B2300C00106967 /* Release */,
			);
			defaultConfigurationIsVisible = 0;
			defaultConfigurationName = Release;
		};
		36E7A22C29B2300C00106967 /* Build configuration list for PBXNativeTarget "TradeQuotesUITests" */ = {
			isa = XCConfigurationList;
			buildConfigurations = (
				36E7A22D29B2300C00106967 /* Debug */,
				36E7A22E29B2300C00106967 /* Release */,
			);
			defaultConfigurationIsVisible = 0;
			defaultConfigurationName = Release;
		};
/* End XCConfigurationList section */
	};
	rootObject = 36E7A1F429B2300B00106967 /* Project object */;
}
